
Microsoft Visual Studio Solution File, Format Version 12.00
# Visual Studio Version 17
VisualStudioVersion = 17.13.35931.197 d17.13
MinimumVisualStudioVersion = 10.0.40219.1
Project("{FAE04EC0-301F-11D3-BF4B-00C04F79EFBC}") = "AlgorithmsHW", "AlgorithmsHW.csproj", "{42D6FECD-8FE2-4ADF-BCA8-02B0C779E438}"
EndProject
Global
	GlobalSection(SolutionConfigurationPlatforms) = preSolution
		Debug|Any CPU = Debug|Any CPU
		Release|Any CPU = Release|Any CPU
	EndGlobalSection
	GlobalSection(ProjectConfigurationPlatforms) = postSolution
		{42D6FECD-8FE2-4ADF-BCA8-02B0C779E438}.Debug|Any CPU.ActiveCfg = Debug|Any CPU
		{42D6FECD-8FE2-4ADF-BCA8-02B0C779E438}.Debug|Any CPU.Build.0 = Debug|Any CPU
		{42D6FECD-8FE2-4ADF-BCA8-02B0C779E438}.Release|Any CPU.ActiveCfg = Release|Any CPU
		{42D6FECD-8FE2-4ADF-BCA8-02B0C779E438}.Release|Any CPU.Build.0 = Release|Any CPU
	EndGlobalSection
	GlobalSection(SolutionProperties) = preSolution
		HideSolutionNode = FALSE
	EndGlobalSection
	GlobalSection(ExtensibilityGlobals) = postSolution
		SolutionGuid = {003A6EE3-F140-4729-AB41-EE36588248FB}
	EndGlobalSection
EndGlobal
